// !$*UTF8*$!
{
	archiveVersion = 1;
	classes = {
	};
	objectVersion = 56;
	objects = {

/* Begin PBXBuildFile section */
		2E4535FC29067C27004E6FCB /* hu.xcloc in Resources */ = {isa = PBXBuildFile; fileRef = 2E4535FE29067C27004E6FCB /* hu.xcloc */; };
		2E4535FF29067C34004E6FCB /* en.xcloc in Resources */ = {isa = PBXBuildFile; fileRef = 2E45360129067C34004E6FCB /* en.xcloc */; };
		2E45360429067CB0004E6FCB /* Localizable.strings in Resources */ = {isa = PBXBuildFile; fileRef = 2E45360229067CB0004E6FCB /* Localizable.strings */; };
		2E9364C829000180007EA6B7 /* RssViewModel.swift in Sources */ = {isa = PBXBuildFile; fileRef = 2E9364C729000180007EA6B7 /* RssViewModel.swift */; };
		DF292AC828F96CF20050C3B5 /* DirectionsFormViewModel.swift in Sources */ = {isa = PBXBuildFile; fileRef = DF292AC728F96CF20050C3B5 /* DirectionsFormViewModel.swift */; };
		DF292ACA28F975170050C3B5 /* StationPicker.swift in Sources */ = {isa = PBXBuildFile; fileRef = DF292AC928F975170050C3B5 /* StationPicker.swift */; };
		DF292ACC28F99D3A0050C3B5 /* IconField.swift in Sources */ = {isa = PBXBuildFile; fileRef = DF292ACB28F99D3A0050C3B5 /* IconField.swift */; };
		DF292AD128FC61930050C3B5 /* StationDetailsMapScreen.swift in Sources */ = {isa = PBXBuildFile; fileRef = DF292AD028FC61930050C3B5 /* StationDetailsMapScreen.swift */; };
		DF292AD428FC72BF0050C3B5 /* Stations.plist in Resources */ = {isa = PBXBuildFile; fileRef = DF292AD328FC72BF0050C3B5 /* Stations.plist */; };
		DF30B73B2905CD1F00200B48 /* MapIcon.swift in Sources */ = {isa = PBXBuildFile; fileRef = DF30B73A2905CD1F00200B48 /* MapIcon.swift */; };
		DF30B73D2905D98F00200B48 /* Theme.swift in Sources */ = {isa = PBXBuildFile; fileRef = DF30B73C2905D98F00200B48 /* Theme.swift */; };
		DF30B73F2905DFE800200B48 /* Launch Screen.storyboard in Resources */ = {isa = PBXBuildFile; fileRef = DF30B73E2905DFE800200B48 /* Launch Screen.storyboard */; };
		DF809B4128F5D2B200043E5E /* StationListScreen.swift in Sources */ = {isa = PBXBuildFile; fileRef = DF809B4028F5D2B200043E5E /* StationListScreen.swift */; };
		DF809B4528F5E6AF00043E5E /* StationDetailsScreen.swift in Sources */ = {isa = PBXBuildFile; fileRef = DF809B4428F5E6AF00043E5E /* StationDetailsScreen.swift */; };
		DF809B6028F7233000043E5E /* RssItem.swift in Sources */ = {isa = PBXBuildFile; fileRef = DF809B4728F7233000043E5E /* RssItem.swift */; };
		DF809B6228F7233000043E5E /* UniqueObjectWithId.swift in Sources */ = {isa = PBXBuildFile; fileRef = DF809B4928F7233000043E5E /* UniqueObjectWithId.swift */; };
		DF809B6428F7233000043E5E /* DirectionsFormScreen.swift in Sources */ = {isa = PBXBuildFile; fileRef = DF809B4E28F7233000043E5E /* DirectionsFormScreen.swift */; };
		DF809B6528F7233000043E5E /* DirectionsResultScreen.swift in Sources */ = {isa = PBXBuildFile; fileRef = DF809B4F28F7233000043E5E /* DirectionsResultScreen.swift */; };
		DF809B6628F7233000043E5E /* DirectionsFinal.swift in Sources */ = {isa = PBXBuildFile; fileRef = DF809B5028F7233000043E5E /* DirectionsFinal.swift */; };
		DF809B6728F7233000043E5E /* TrafficNews.swift in Sources */ = {isa = PBXBuildFile; fileRef = DF809B5128F7233000043E5E /* TrafficNews.swift */; };
		DF809B6828F7233000043E5E /* HomeScreen.swift in Sources */ = {isa = PBXBuildFile; fileRef = DF809B5228F7233000043E5E /* HomeScreen.swift */; };
		DF809B6928F7233000043E5E /* Settings.swift in Sources */ = {isa = PBXBuildFile; fileRef = DF809B5328F7233000043E5E /* Settings.swift */; };
		DF809B6A28F7233000043E5E /* MavMap.swift in Sources */ = {isa = PBXBuildFile; fileRef = DF809B5428F7233000043E5E /* MavMap.swift */; };
		DF809B6B28F7233000043E5E /* RootNavigation.swift in Sources */ = {isa = PBXBuildFile; fileRef = DF809B5528F7233000043E5E /* RootNavigation.swift */; };
		DF809B6C28F7233000043E5E /* RssView.swift in Sources */ = {isa = PBXBuildFile; fileRef = DF809B5728F7233000043E5E /* RssView.swift */; };
		DF809B6D28F7233000043E5E /* SelectableTile.swift in Sources */ = {isa = PBXBuildFile; fileRef = DF809B5828F7233000043E5E /* SelectableTile.swift */; };
		DF809B6E28F7233000043E5E /* NormalButton.swift in Sources */ = {isa = PBXBuildFile; fileRef = DF809B5928F7233000043E5E /* NormalButton.swift */; };
		DF809B6F28F7233000043E5E /* StationInput.swift in Sources */ = {isa = PBXBuildFile; fileRef = DF809B5A28F7233000043E5E /* StationInput.swift */; };
		DF809B7228F7233000043E5E /* DirectionsQuerySummary.swift in Sources */ = {isa = PBXBuildFile; fileRef = DF809B5E28F7233000043E5E /* DirectionsQuerySummary.swift */; };
		DF809B7328F7233000043E5E /* DirectionsOfferView.swift in Sources */ = {isa = PBXBuildFile; fileRef = DF809B5F28F7233000043E5E /* DirectionsOfferView.swift */; };
		DFEBEFB728F32059007F3CCD /* MavPlusApp.swift in Sources */ = {isa = PBXBuildFile; fileRef = DFEBEFB628F32059007F3CCD /* MavPlusApp.swift */; };
		DFEBEFBB28F3205C007F3CCD /* Assets.xcassets in Resources */ = {isa = PBXBuildFile; fileRef = DFEBEFBA28F3205C007F3CCD /* Assets.xcassets */; };
		DFEBEFBE28F3205C007F3CCD /* Preview Assets.xcassets in Resources */ = {isa = PBXBuildFile; fileRef = DFEBEFBD28F3205C007F3CCD /* Preview Assets.xcassets */; };
		DFEBEFC028F3205C007F3CCD /* Persistence.swift in Sources */ = {isa = PBXBuildFile; fileRef = DFEBEFBF28F3205C007F3CCD /* Persistence.swift */; };
		DFEBEFC328F3205C007F3CCD /* MavPlus.xcdatamodeld in Sources */ = {isa = PBXBuildFile; fileRef = DFEBEFC128F3205C007F3CCD /* MavPlus.xcdatamodeld */; };
		DFEBEFCF28F32166007F3CCD /* Paths.swift in Sources */ = {isa = PBXBuildFile; fileRef = DFEBEFCE28F32166007F3CCD /* Paths.swift */; };
		DFEBEFDA28F321A1007F3CCD /* StationInfo.swift in Sources */ = {isa = PBXBuildFile; fileRef = DFEBEFD128F321A0007F3CCD /* StationInfo.swift */; };
		DFEBEFDB28F321A1007F3CCD /* Customers.swift in Sources */ = {isa = PBXBuildFile; fileRef = DFEBEFD228F321A0007F3CCD /* Customers.swift */; };
		DFEBEFDC28F321A1007F3CCD /* TrainLocation.swift in Sources */ = {isa = PBXBuildFile; fileRef = DFEBEFD328F321A0007F3CCD /* TrainLocation.swift */; };
		DFEBEFDD28F321A1007F3CCD /* WarningMessages.swift in Sources */ = {isa = PBXBuildFile; fileRef = DFEBEFD428F321A0007F3CCD /* WarningMessages.swift */; };
		DFEBEFDE28F321A1007F3CCD /* TrainInfo.swift in Sources */ = {isa = PBXBuildFile; fileRef = DFEBEFD528F321A1007F3CCD /* TrainInfo.swift */; };
		DFEBEFDF28F321A1007F3CCD /* Services.swift in Sources */ = {isa = PBXBuildFile; fileRef = DFEBEFD628F321A1007F3CCD /* Services.swift */; };
		DFEBEFE028F321A1007F3CCD /* Cities.swift in Sources */ = {isa = PBXBuildFile; fileRef = DFEBEFD728F321A1007F3CCD /* Cities.swift */; };
		DFEBEFE128F321A1007F3CCD /* Offer.swift in Sources */ = {isa = PBXBuildFile; fileRef = DFEBEFD828F321A1007F3CCD /* Offer.swift */; };
		DFEBEFE228F321A1007F3CCD /* Stations.swift in Sources */ = {isa = PBXBuildFile; fileRef = DFEBEFD928F321A1007F3CCD /* Stations.swift */; };
		DFEBEFE528F321B2007F3CCD /* ApiRepository.swift in Sources */ = {isa = PBXBuildFile; fileRef = DFEBEFE328F321B2007F3CCD /* ApiRepository.swift */; };
		DFEBEFE628F321B2007F3CCD /* StoreRepository.swift in Sources */ = {isa = PBXBuildFile; fileRef = DFEBEFE428F321B2007F3CCD /* StoreRepository.swift */; };
		DFEBEFE828F32393007F3CCD /* ApiRequests.swift in Sources */ = {isa = PBXBuildFile; fileRef = DFEBEFE728F32393007F3CCD /* ApiRequests.swift */; };
		DFEBEFEA28F327F2007F3CCD /* StationListViewModel.swift in Sources */ = {isa = PBXBuildFile; fileRef = DFEBEFE928F327F2007F3CCD /* StationListViewModel.swift */; };
		DFEBEFEC28F32CCD007F3CCD /* StationDetailsViewModel.swift in Sources */ = {isa = PBXBuildFile; fileRef = DFEBEFEB28F32CCD007F3CCD /* StationDetailsViewModel.swift */; };
		DFEBEFEE28F33B52007F3CCD /* UtilFunctions.swift in Sources */ = {isa = PBXBuildFile; fileRef = DFEBEFED28F33B52007F3CCD /* UtilFunctions.swift */; };
		DFEBEFF028F33CF3007F3CCD /* MapViewModel.swift in Sources */ = {isa = PBXBuildFile; fileRef = DFEBEFEF28F33CF3007F3CCD /* MapViewModel.swift */; };
		DFEBEFF228F33E46007F3CCD /* Protocols.swift in Sources */ = {isa = PBXBuildFile; fileRef = DFEBEFF128F33E46007F3CCD /* Protocols.swift */; };
		DFEBEFF428F34875007F3CCD /* HomeViewModel.swift in Sources */ = {isa = PBXBuildFile; fileRef = DFEBEFF328F34875007F3CCD /* HomeViewModel.swift */; };
		DFEBEFF628F3685B007F3CCD /* OfferViewModel.swift in Sources */ = {isa = PBXBuildFile; fileRef = DFEBEFF528F3685B007F3CCD /* OfferViewModel.swift */; };
/* End PBXBuildFile section */

/* Begin PBXFileReference section */
		2E4535FD29067C27004E6FCB /* hu */ = {isa = PBXFileReference; lastKnownFileType = wrapper; name = hu; path = hu.lproj/hu.xcloc; sourceTree = "<group>"; };
		2E45360029067C34004E6FCB /* en */ = {isa = PBXFileReference; lastKnownFileType = wrapper; name = en; path = en.lproj/en.xcloc; sourceTree = "<group>"; };
		2E45360329067CB0004E6FCB /* hu */ = {isa = PBXFileReference; lastKnownFileType = text.plist.strings; name = hu; path = hu.lproj/Localizable.strings; sourceTree = "<group>"; };
		2E9364C729000180007EA6B7 /* RssViewModel.swift */ = {isa = PBXFileReference; lastKnownFileType = sourcecode.swift; path = RssViewModel.swift; sourceTree = "<group>"; };
		DF292AC728F96CF20050C3B5 /* DirectionsFormViewModel.swift */ = {isa = PBXFileReference; lastKnownFileType = sourcecode.swift; path = DirectionsFormViewModel.swift; sourceTree = "<group>"; };
		DF292AC928F975170050C3B5 /* StationPicker.swift */ = {isa = PBXFileReference; lastKnownFileType = sourcecode.swift; path = StationPicker.swift; sourceTree = "<group>"; };
		DF292ACB28F99D3A0050C3B5 /* IconField.swift */ = {isa = PBXFileReference; lastKnownFileType = sourcecode.swift; path = IconField.swift; sourceTree = "<group>"; };
		DF292AD028FC61930050C3B5 /* StationDetailsMapScreen.swift */ = {isa = PBXFileReference; lastKnownFileType = sourcecode.swift; path = StationDetailsMapScreen.swift; sourceTree = "<group>"; };
		DF292AD328FC72BF0050C3B5 /* Stations.plist */ = {isa = PBXFileReference; fileEncoding = 4; lastKnownFileType = text.plist.xml; path = Stations.plist; sourceTree = "<group>"; };
		DF30B73A2905CD1F00200B48 /* MapIcon.swift */ = {isa = PBXFileReference; lastKnownFileType = sourcecode.swift; path = MapIcon.swift; sourceTree = "<group>"; };
		DF30B73C2905D98F00200B48 /* Theme.swift */ = {isa = PBXFileReference; lastKnownFileType = sourcecode.swift; path = Theme.swift; sourceTree = "<group>"; };
		DF30B73E2905DFE800200B48 /* Launch Screen.storyboard */ = {isa = PBXFileReference; lastKnownFileType = file.storyboard; path = "Launch Screen.storyboard"; sourceTree = "<group>"; };
		DF809B4028F5D2B200043E5E /* StationListScreen.swift */ = {isa = PBXFileReference; lastKnownFileType = sourcecode.swift; path = StationListScreen.swift; sourceTree = "<group>"; };
		DF809B4428F5E6AF00043E5E /* StationDetailsScreen.swift */ = {isa = PBXFileReference; lastKnownFileType = sourcecode.swift; path = StationDetailsScreen.swift; sourceTree = "<group>"; };
		DF809B4728F7233000043E5E /* RssItem.swift */ = {isa = PBXFileReference; fileEncoding = 4; lastKnownFileType = sourcecode.swift; path = RssItem.swift; sourceTree = "<group>"; };
		DF809B4928F7233000043E5E /* UniqueObjectWithId.swift */ = {isa = PBXFileReference; fileEncoding = 4; lastKnownFileType = sourcecode.swift; path = UniqueObjectWithId.swift; sourceTree = "<group>"; };
		DF809B4E28F7233000043E5E /* DirectionsFormScreen.swift */ = {isa = PBXFileReference; fileEncoding = 4; lastKnownFileType = sourcecode.swift; path = DirectionsFormScreen.swift; sourceTree = "<group>"; };
		DF809B4F28F7233000043E5E /* DirectionsResultScreen.swift */ = {isa = PBXFileReference; fileEncoding = 4; lastKnownFileType = sourcecode.swift; path = DirectionsResultScreen.swift; sourceTree = "<group>"; };
		DF809B5028F7233000043E5E /* DirectionsFinal.swift */ = {isa = PBXFileReference; fileEncoding = 4; lastKnownFileType = sourcecode.swift; path = DirectionsFinal.swift; sourceTree = "<group>"; };
		DF809B5128F7233000043E5E /* TrafficNews.swift */ = {isa = PBXFileReference; fileEncoding = 4; lastKnownFileType = sourcecode.swift; path = TrafficNews.swift; sourceTree = "<group>"; };
		DF809B5228F7233000043E5E /* HomeScreen.swift */ = {isa = PBXFileReference; fileEncoding = 4; lastKnownFileType = sourcecode.swift; path = HomeScreen.swift; sourceTree = "<group>"; };
		DF809B5328F7233000043E5E /* Settings.swift */ = {isa = PBXFileReference; fileEncoding = 4; lastKnownFileType = sourcecode.swift; path = Settings.swift; sourceTree = "<group>"; };
		DF809B5428F7233000043E5E /* MavMap.swift */ = {isa = PBXFileReference; fileEncoding = 4; lastKnownFileType = sourcecode.swift; path = MavMap.swift; sourceTree = "<group>"; };
		DF809B5528F7233000043E5E /* RootNavigation.swift */ = {isa = PBXFileReference; fileEncoding = 4; lastKnownFileType = sourcecode.swift; path = RootNavigation.swift; sourceTree = "<group>"; };
		DF809B5728F7233000043E5E /* RssView.swift */ = {isa = PBXFileReference; fileEncoding = 4; lastKnownFileType = sourcecode.swift; path = RssView.swift; sourceTree = "<group>"; };
		DF809B5828F7233000043E5E /* SelectableTile.swift */ = {isa = PBXFileReference; fileEncoding = 4; lastKnownFileType = sourcecode.swift; path = SelectableTile.swift; sourceTree = "<group>"; };
		DF809B5928F7233000043E5E /* NormalButton.swift */ = {isa = PBXFileReference; fileEncoding = 4; lastKnownFileType = sourcecode.swift; path = NormalButton.swift; sourceTree = "<group>"; };
		DF809B5A28F7233000043E5E /* StationInput.swift */ = {isa = PBXFileReference; fileEncoding = 4; lastKnownFileType = sourcecode.swift; path = StationInput.swift; sourceTree = "<group>"; };
		DF809B5E28F7233000043E5E /* DirectionsQuerySummary.swift */ = {isa = PBXFileReference; fileEncoding = 4; lastKnownFileType = sourcecode.swift; path = DirectionsQuerySummary.swift; sourceTree = "<group>"; };
		DF809B5F28F7233000043E5E /* DirectionsOfferView.swift */ = {isa = PBXFileReference; fileEncoding = 4; lastKnownFileType = sourcecode.swift; path = DirectionsOfferView.swift; sourceTree = "<group>"; };
		DFEBEFB328F32059007F3CCD /* MavPlus.app */ = {isa = PBXFileReference; explicitFileType = wrapper.application; includeInIndex = 0; path = MavPlus.app; sourceTree = BUILT_PRODUCTS_DIR; };
		DFEBEFB628F32059007F3CCD /* MavPlusApp.swift */ = {isa = PBXFileReference; lastKnownFileType = sourcecode.swift; path = MavPlusApp.swift; sourceTree = "<group>"; };
		DFEBEFBA28F3205C007F3CCD /* Assets.xcassets */ = {isa = PBXFileReference; lastKnownFileType = folder.assetcatalog; path = Assets.xcassets; sourceTree = "<group>"; };
		DFEBEFBD28F3205C007F3CCD /* Preview Assets.xcassets */ = {isa = PBXFileReference; lastKnownFileType = folder.assetcatalog; path = "Preview Assets.xcassets"; sourceTree = "<group>"; };
		DFEBEFBF28F3205C007F3CCD /* Persistence.swift */ = {isa = PBXFileReference; lastKnownFileType = sourcecode.swift; path = Persistence.swift; sourceTree = "<group>"; };
		DFEBEFC228F3205C007F3CCD /* MavPlus.xcdatamodel */ = {isa = PBXFileReference; lastKnownFileType = wrapper.xcdatamodel; path = MavPlus.xcdatamodel; sourceTree = "<group>"; };
		DFEBEFCE28F32166007F3CCD /* Paths.swift */ = {isa = PBXFileReference; fileEncoding = 4; lastKnownFileType = sourcecode.swift; path = Paths.swift; sourceTree = "<group>"; };
		DFEBEFD128F321A0007F3CCD /* StationInfo.swift */ = {isa = PBXFileReference; fileEncoding = 4; lastKnownFileType = sourcecode.swift; path = StationInfo.swift; sourceTree = "<group>"; };
		DFEBEFD228F321A0007F3CCD /* Customers.swift */ = {isa = PBXFileReference; fileEncoding = 4; lastKnownFileType = sourcecode.swift; path = Customers.swift; sourceTree = "<group>"; };
		DFEBEFD328F321A0007F3CCD /* TrainLocation.swift */ = {isa = PBXFileReference; fileEncoding = 4; lastKnownFileType = sourcecode.swift; path = TrainLocation.swift; sourceTree = "<group>"; };
		DFEBEFD428F321A0007F3CCD /* WarningMessages.swift */ = {isa = PBXFileReference; fileEncoding = 4; lastKnownFileType = sourcecode.swift; path = WarningMessages.swift; sourceTree = "<group>"; };
		DFEBEFD528F321A1007F3CCD /* TrainInfo.swift */ = {isa = PBXFileReference; fileEncoding = 4; lastKnownFileType = sourcecode.swift; path = TrainInfo.swift; sourceTree = "<group>"; };
		DFEBEFD628F321A1007F3CCD /* Services.swift */ = {isa = PBXFileReference; fileEncoding = 4; lastKnownFileType = sourcecode.swift; path = Services.swift; sourceTree = "<group>"; };
		DFEBEFD728F321A1007F3CCD /* Cities.swift */ = {isa = PBXFileReference; fileEncoding = 4; lastKnownFileType = sourcecode.swift; path = Cities.swift; sourceTree = "<group>"; };
		DFEBEFD828F321A1007F3CCD /* Offer.swift */ = {isa = PBXFileReference; fileEncoding = 4; lastKnownFileType = sourcecode.swift; path = Offer.swift; sourceTree = "<group>"; };
		DFEBEFD928F321A1007F3CCD /* Stations.swift */ = {isa = PBXFileReference; fileEncoding = 4; lastKnownFileType = sourcecode.swift; path = Stations.swift; sourceTree = "<group>"; };
		DFEBEFE328F321B2007F3CCD /* ApiRepository.swift */ = {isa = PBXFileReference; fileEncoding = 4; lastKnownFileType = sourcecode.swift; path = ApiRepository.swift; sourceTree = "<group>"; };
		DFEBEFE428F321B2007F3CCD /* StoreRepository.swift */ = {isa = PBXFileReference; fileEncoding = 4; lastKnownFileType = sourcecode.swift; path = StoreRepository.swift; sourceTree = "<group>"; };
		DFEBEFE728F32393007F3CCD /* ApiRequests.swift */ = {isa = PBXFileReference; fileEncoding = 4; lastKnownFileType = sourcecode.swift; path = ApiRequests.swift; sourceTree = "<group>"; };
		DFEBEFE928F327F2007F3CCD /* StationListViewModel.swift */ = {isa = PBXFileReference; lastKnownFileType = sourcecode.swift; path = StationListViewModel.swift; sourceTree = "<group>"; };
		DFEBEFEB28F32CCD007F3CCD /* StationDetailsViewModel.swift */ = {isa = PBXFileReference; lastKnownFileType = sourcecode.swift; path = StationDetailsViewModel.swift; sourceTree = "<group>"; };
		DFEBEFED28F33B52007F3CCD /* UtilFunctions.swift */ = {isa = PBXFileReference; lastKnownFileType = sourcecode.swift; path = UtilFunctions.swift; sourceTree = "<group>"; };
		DFEBEFEF28F33CF3007F3CCD /* MapViewModel.swift */ = {isa = PBXFileReference; lastKnownFileType = sourcecode.swift; path = MapViewModel.swift; sourceTree = "<group>"; };
		DFEBEFF128F33E46007F3CCD /* Protocols.swift */ = {isa = PBXFileReference; lastKnownFileType = sourcecode.swift; path = Protocols.swift; sourceTree = "<group>"; };
		DFEBEFF328F34875007F3CCD /* HomeViewModel.swift */ = {isa = PBXFileReference; lastKnownFileType = sourcecode.swift; path = HomeViewModel.swift; sourceTree = "<group>"; };
		DFEBEFF528F3685B007F3CCD /* OfferViewModel.swift */ = {isa = PBXFileReference; lastKnownFileType = sourcecode.swift; path = OfferViewModel.swift; sourceTree = "<group>"; };
/* End PBXFileReference section */

/* Begin PBXFrameworksBuildPhase section */
		DFEBEFB028F32059007F3CCD /* Frameworks */ = {
			isa = PBXFrameworksBuildPhase;
			buildActionMask = 2147483647;
			files = (
			);
			runOnlyForDeploymentPostprocessing = 0;
		};
/* End PBXFrameworksBuildPhase section */

/* Begin PBXGroup section */
		2E4535F7290679BA004E6FCB /* i18n */ = {
			isa = PBXGroup;
			children = (
				2E45360229067CB0004E6FCB /* Localizable.strings */,
				2E4535FE29067C27004E6FCB /* hu.xcloc */,
				2E45360129067C34004E6FCB /* en.xcloc */,
			);
			path = i18n;
			sourceTree = "<group>";
		};
		DF292AD228FC72A70050C3B5 /* Resource */ = {
			isa = PBXGroup;
			children = (
				DF292AD328FC72BF0050C3B5 /* Stations.plist */,
			);
			path = Resource;
			sourceTree = "<group>";
		};
		DF809B3E28F5D29B00043E5E /* Screens */ = {
			isa = PBXGroup;
			children = (
				DF809B5128F7233000043E5E /* TrafficNews.swift */,
				DF809B5228F7233000043E5E /* HomeScreen.swift */,
				DF809B5328F7233000043E5E /* Settings.swift */,
				DF809B5428F7233000043E5E /* MavMap.swift */,
				DF809B7528F7249100043E5E /* Directions */,
				DF809B4028F5D2B200043E5E /* StationListScreen.swift */,
				DF292AD028FC61930050C3B5 /* StationDetailsMapScreen.swift */,
				DF809B4428F5E6AF00043E5E /* StationDetailsScreen.swift */,
			);
			path = Screens;
			sourceTree = "<group>";
		};
		DF809B3F28F5D2A100043E5E /* Components */ = {
			isa = PBXGroup;
			children = (
				DF809B5728F7233000043E5E /* RssView.swift */,
				DF809B5828F7233000043E5E /* SelectableTile.swift */,
				DF809B5928F7233000043E5E /* NormalButton.swift */,
				DF809B5A28F7233000043E5E /* StationInput.swift */,
				DF809B5B28F7233000043E5E /* directions-query */,
				DF809B5F28F7233000043E5E /* DirectionsOfferView.swift */,
				DF292AC928F975170050C3B5 /* StationPicker.swift */,
				DF292ACB28F99D3A0050C3B5 /* IconField.swift */,
				DF30B73A2905CD1F00200B48 /* MapIcon.swift */,
			);
			path = Components;
			sourceTree = "<group>";
		};
		DF809B5B28F7233000043E5E /* directions-query */ = {
			isa = PBXGroup;
			children = (
				DF809B5E28F7233000043E5E /* DirectionsQuerySummary.swift */,
			);
			path = "directions-query";
			sourceTree = "<group>";
		};
		DF809B7428F7246100043E5E /* Navigation */ = {
			isa = PBXGroup;
			children = (
				DF809B5528F7233000043E5E /* RootNavigation.swift */,
			);
			path = Navigation;
			sourceTree = "<group>";
		};
		DF809B7528F7249100043E5E /* Directions */ = {
			isa = PBXGroup;
			children = (
				DF809B4E28F7233000043E5E /* DirectionsFormScreen.swift */,
				DF809B4F28F7233000043E5E /* DirectionsResultScreen.swift */,
				DF809B5028F7233000043E5E /* DirectionsFinal.swift */,
			);
			path = Directions;
			sourceTree = "<group>";
		};
		DFEBEFAA28F32059007F3CCD = {
			isa = PBXGroup;
			children = (
				DFEBEFB528F32059007F3CCD /* MavPlus */,
				DFEBEFB428F32059007F3CCD /* Products */,
			);
			sourceTree = "<group>";
		};
		DFEBEFB428F32059007F3CCD /* Products */ = {
			isa = PBXGroup;
			children = (
				DFEBEFB328F32059007F3CCD /* MavPlus.app */,
			);
			name = Products;
			sourceTree = "<group>";
		};
		DFEBEFB528F32059007F3CCD /* MavPlus */ = {
			isa = PBXGroup;
			children = (
				2E4535F7290679BA004E6FCB /* i18n */,
				DF30B73E2905DFE800200B48 /* Launch Screen.storyboard */,
				DF292AD228FC72A70050C3B5 /* Resource */,
				DFEBEFD028F32196007F3CCD /* Types */,
				DFEBEFCD28F3214B007F3CCD /* Utility */,
				DFEBEFCC28F32144007F3CCD /* View */,
				DFEBEFCB28F3213E007F3CCD /* ViewModel */,
				DFEBEFCA28F32130007F3CCD /* Repository */,
				DFEBEFC928F32128007F3CCD /* Model */,
				DFEBEFB628F32059007F3CCD /* MavPlusApp.swift */,
				DFEBEFBA28F3205C007F3CCD /* Assets.xcassets */,
				DFEBEFBF28F3205C007F3CCD /* Persistence.swift */,
				DFEBEFC128F3205C007F3CCD /* MavPlus.xcdatamodeld */,
				DFEBEFBC28F3205C007F3CCD /* Preview Content */,
			);
			path = MavPlus;
			sourceTree = "<group>";
		};
		DFEBEFBC28F3205C007F3CCD /* Preview Content */ = {
			isa = PBXGroup;
			children = (
				DFEBEFBD28F3205C007F3CCD /* Preview Assets.xcassets */,
			);
			path = "Preview Content";
			sourceTree = "<group>";
		};
		DFEBEFC928F32128007F3CCD /* Model */ = {
			isa = PBXGroup;
			children = (
				DFEBEFE728F32393007F3CCD /* ApiRequests.swift */,
			);
			path = Model;
			sourceTree = "<group>";
		};
		DFEBEFCA28F32130007F3CCD /* Repository */ = {
			isa = PBXGroup;
			children = (
				DFEBEFE328F321B2007F3CCD /* ApiRepository.swift */,
				DFEBEFE428F321B2007F3CCD /* StoreRepository.swift */,
			);
			path = Repository;
			sourceTree = "<group>";
		};
		DFEBEFCB28F3213E007F3CCD /* ViewModel */ = {
			isa = PBXGroup;
			children = (
				DFEBEFE928F327F2007F3CCD /* StationListViewModel.swift */,
				DFEBEFEB28F32CCD007F3CCD /* StationDetailsViewModel.swift */,
				DFEBEFEF28F33CF3007F3CCD /* MapViewModel.swift */,
				DFEBEFF328F34875007F3CCD /* HomeViewModel.swift */,
				DFEBEFF528F3685B007F3CCD /* OfferViewModel.swift */,
				2E9364C729000180007EA6B7 /* RssViewModel.swift */,
				DF292AC728F96CF20050C3B5 /* DirectionsFormViewModel.swift */,
			);
			path = ViewModel;
			sourceTree = "<group>";
		};
		DFEBEFCC28F32144007F3CCD /* View */ = {
			isa = PBXGroup;
			children = (
				DF809B7428F7246100043E5E /* Navigation */,
				DF809B3F28F5D2A100043E5E /* Components */,
				DF809B3E28F5D29B00043E5E /* Screens */,
			);
			path = View;
			sourceTree = "<group>";
		};
		DFEBEFCD28F3214B007F3CCD /* Utility */ = {
			isa = PBXGroup;
			children = (
				DFEBEFCE28F32166007F3CCD /* Paths.swift */,
				DFEBEFED28F33B52007F3CCD /* UtilFunctions.swift */,
				DF30B73C2905D98F00200B48 /* Theme.swift */,
			);
			path = Utility;
			sourceTree = "<group>";
		};
		DFEBEFD028F32196007F3CCD /* Types */ = {
			isa = PBXGroup;
			children = (
				DF809B4928F7233000043E5E /* UniqueObjectWithId.swift */,
				DF809B4728F7233000043E5E /* RssItem.swift */,
				DFEBEFD728F321A1007F3CCD /* Cities.swift */,
				DFEBEFD228F321A0007F3CCD /* Customers.swift */,
				DFEBEFD828F321A1007F3CCD /* Offer.swift */,
				DFEBEFD628F321A1007F3CCD /* Services.swift */,
				DFEBEFD128F321A0007F3CCD /* StationInfo.swift */,
				DFEBEFD928F321A1007F3CCD /* Stations.swift */,
				DFEBEFD528F321A1007F3CCD /* TrainInfo.swift */,
				DFEBEFD328F321A0007F3CCD /* TrainLocation.swift */,
				DFEBEFD428F321A0007F3CCD /* WarningMessages.swift */,
				DFEBEFF128F33E46007F3CCD /* Protocols.swift */,
			);
			path = Types;
			sourceTree = "<group>";
		};
/* End PBXGroup section */

/* Begin PBXNativeTarget section */
		DFEBEFB228F32059007F3CCD /* MavPlus */ = {
			isa = PBXNativeTarget;
			buildConfigurationList = DFEBEFC628F3205C007F3CCD /* Build configuration list for PBXNativeTarget "MavPlus" */;
			buildPhases = (
				DFEBEFAF28F32059007F3CCD /* Sources */,
				DFEBEFB028F32059007F3CCD /* Frameworks */,
				DFEBEFB128F32059007F3CCD /* Resources */,
			);
			buildRules = (
			);
			dependencies = (
			);
			name = MavPlus;
			productName = MavPlus;
			productReference = DFEBEFB328F32059007F3CCD /* MavPlus.app */;
			productType = "com.apple.product-type.application";
		};
/* End PBXNativeTarget section */

/* Begin PBXProject section */
		DFEBEFAB28F32059007F3CCD /* Project object */ = {
			isa = PBXProject;
			attributes = {
				BuildIndependentTargetsInParallel = 1;
				LastSwiftUpdateCheck = 1400;
				LastUpgradeCheck = 1400;
				TargetAttributes = {
					DFEBEFB228F32059007F3CCD = {
						CreatedOnToolsVersion = 14.0.1;
					};
				};
			};
			buildConfigurationList = DFEBEFAE28F32059007F3CCD /* Build configuration list for PBXProject "MavPlus" */;
			compatibilityVersion = "Xcode 14.0";
			developmentRegion = en;
			hasScannedForEncodings = 0;
			knownRegions = (
				en,
				Base,
				hu,
			);
			mainGroup = DFEBEFAA28F32059007F3CCD;
			productRefGroup = DFEBEFB428F32059007F3CCD /* Products */;
			projectDirPath = "";
			projectRoot = "";
			targets = (
				DFEBEFB228F32059007F3CCD /* MavPlus */,
			);
		};
/* End PBXProject section */

/* Begin PBXResourcesBuildPhase section */
		DFEBEFB128F32059007F3CCD /* Resources */ = {
			isa = PBXResourcesBuildPhase;
			buildActionMask = 2147483647;
			files = (
				DFEBEFBE28F3205C007F3CCD /* Preview Assets.xcassets in Resources */,
				DF292AD428FC72BF0050C3B5 /* Stations.plist in Resources */,
				DF30B73F2905DFE800200B48 /* Launch Screen.storyboard in Resources */,
				2E45360429067CB0004E6FCB /* Localizable.strings in Resources */,
				2E4535FC29067C27004E6FCB /* hu.xcloc in Resources */,
				2E4535FF29067C34004E6FCB /* en.xcloc in Resources */,
				DFEBEFBB28F3205C007F3CCD /* Assets.xcassets in Resources */,
			);
			runOnlyForDeploymentPostprocessing = 0;
		};
/* End PBXResourcesBuildPhase section */

/* Begin PBXSourcesBuildPhase section */
		DFEBEFAF28F32059007F3CCD /* Sources */ = {
			isa = PBXSourcesBuildPhase;
			buildActionMask = 2147483647;
			files = (
				DFEBEFE028F321A1007F3CCD /* Cities.swift in Sources */,
				DF809B6B28F7233000043E5E /* RootNavigation.swift in Sources */,
				DFEBEFDE28F321A1007F3CCD /* TrainInfo.swift in Sources */,
				DF30B73B2905CD1F00200B48 /* MapIcon.swift in Sources */,
				DFEBEFE128F321A1007F3CCD /* Offer.swift in Sources */,
				DFEBEFC328F3205C007F3CCD /* MavPlus.xcdatamodeld in Sources */,
				DFEBEFE528F321B2007F3CCD /* ApiRepository.swift in Sources */,
				DFEBEFF628F3685B007F3CCD /* OfferViewModel.swift in Sources */,
				DF809B6228F7233000043E5E /* UniqueObjectWithId.swift in Sources */,
				DF30B73D2905D98F00200B48 /* Theme.swift in Sources */,
				DF809B6A28F7233000043E5E /* MavMap.swift in Sources */,
				DFEBEFF428F34875007F3CCD /* HomeViewModel.swift in Sources */,
				DF809B6C28F7233000043E5E /* RssView.swift in Sources */,
				DFEBEFDD28F321A1007F3CCD /* WarningMessages.swift in Sources */,
				DFEBEFDF28F321A1007F3CCD /* Services.swift in Sources */,
				DFEBEFDB28F321A1007F3CCD /* Customers.swift in Sources */,
				DFEBEFE628F321B2007F3CCD /* StoreRepository.swift in Sources */,
				DF292ACC28F99D3A0050C3B5 /* IconField.swift in Sources */,
				DF292AD128FC61930050C3B5 /* StationDetailsMapScreen.swift in Sources */,
				DFEBEFF228F33E46007F3CCD /* Protocols.swift in Sources */,
				DFEBEFCF28F32166007F3CCD /* Paths.swift in Sources */,
				DFEBEFE828F32393007F3CCD /* ApiRequests.swift in Sources */,
				DF292ACA28F975170050C3B5 /* StationPicker.swift in Sources */,
				DF809B6628F7233000043E5E /* DirectionsFinal.swift in Sources */,
				DF809B6928F7233000043E5E /* Settings.swift in Sources */,
				DF809B6028F7233000043E5E /* RssItem.swift in Sources */,
				DFEBEFF028F33CF3007F3CCD /* MapViewModel.swift in Sources */,
				DF809B6D28F7233000043E5E /* SelectableTile.swift in Sources */,
				DF809B6F28F7233000043E5E /* StationInput.swift in Sources */,
				DFEBEFDA28F321A1007F3CCD /* StationInfo.swift in Sources */,
				DFEBEFC028F3205C007F3CCD /* Persistence.swift in Sources */,
				DF809B6828F7233000043E5E /* HomeScreen.swift in Sources */,
				DF809B6728F7233000043E5E /* TrafficNews.swift in Sources */,
				DFEBEFDC28F321A1007F3CCD /* TrainLocation.swift in Sources */,
				DFEBEFEA28F327F2007F3CCD /* StationListViewModel.swift in Sources */,
				DF809B6528F7233000043E5E /* DirectionsResultScreen.swift in Sources */,
				DF809B7228F7233000043E5E /* DirectionsQuerySummary.swift in Sources */,
				DF809B4128F5D2B200043E5E /* StationListScreen.swift in Sources */,
				DFEBEFE228F321A1007F3CCD /* Stations.swift in Sources */,
				2E9364C829000180007EA6B7 /* RssViewModel.swift in Sources */,
				DFEBEFEE28F33B52007F3CCD /* UtilFunctions.swift in Sources */,
				DFEBEFB728F32059007F3CCD /* MavPlusApp.swift in Sources */,
				DF809B6E28F7233000043E5E /* NormalButton.swift in Sources */,
				DF809B4528F5E6AF00043E5E /* StationDetailsScreen.swift in Sources */,
				DF292AC828F96CF20050C3B5 /* DirectionsFormViewModel.swift in Sources */,
				DF809B7328F7233000043E5E /* DirectionsOfferView.swift in Sources */,
				DFEBEFEC28F32CCD007F3CCD /* StationDetailsViewModel.swift in Sources */,
				DF809B6428F7233000043E5E /* DirectionsFormScreen.swift in Sources */,
			);
			runOnlyForDeploymentPostprocessing = 0;
		};
/* End PBXSourcesBuildPhase section */

/* Begin PBXVariantGroup section */
		2E4535FE29067C27004E6FCB /* hu.xcloc */ = {
			isa = PBXVariantGroup;
			children = (
				2E4535FD29067C27004E6FCB /* hu */,
			);
			name = hu.xcloc;
			sourceTree = "<group>";
		};
		2E45360129067C34004E6FCB /* en.xcloc */ = {
			isa = PBXVariantGroup;
			children = (
				2E45360029067C34004E6FCB /* en */,
			);
			name = en.xcloc;
			sourceTree = "<group>";
		};
		2E45360229067CB0004E6FCB /* Localizable.strings */ = {
			isa = PBXVariantGroup;
			children = (
				2E45360329067CB0004E6FCB /* hu */,
			);
			name = Localizable.strings;
			sourceTree = "<group>";
		};
/* End PBXVariantGroup section */

/* Begin XCBuildConfiguration section */
		DFEBEFC428F3205C007F3CCD /* Debug */ = {
			isa = XCBuildConfiguration;
			buildSettings = {
				ALWAYS_SEARCH_USER_PATHS = NO;
				CLANG_ANALYZER_NONNULL = YES;
				CLANG_ANALYZER_NUMBER_OBJECT_CONVERSION = YES_AGGRESSIVE;
				CLANG_CXX_LANGUAGE_STANDARD = "gnu++20";
				CLANG_ENABLE_MODULES = YES;
				CLANG_ENABLE_OBJC_ARC = YES;
				CLANG_ENABLE_OBJC_WEAK = YES;
				CLANG_WARN_BLOCK_CAPTURE_AUTORELEASING = YES;
				CLANG_WARN_BOOL_CONVERSION = YES;
				CLANG_WARN_COMMA = YES;
				CLANG_WARN_CONSTANT_CONVERSION = YES;
				CLANG_WARN_DEPRECATED_OBJC_IMPLEMENTATIONS = YES;
				CLANG_WARN_DIRECT_OBJC_ISA_USAGE = YES_ERROR;
				CLANG_WARN_DOCUMENTATION_COMMENTS = YES;
				CLANG_WARN_EMPTY_BODY = YES;
				CLANG_WARN_ENUM_CONVERSION = YES;
				CLANG_WARN_INFINITE_RECURSION = YES;
				CLANG_WARN_INT_CONVERSION = YES;
				CLANG_WARN_NON_LITERAL_NULL_CONVERSION = YES;
				CLANG_WARN_OBJC_IMPLICIT_RETAIN_SELF = YES;
				CLANG_WARN_OBJC_LITERAL_CONVERSION = YES;
				CLANG_WARN_OBJC_ROOT_CLASS = YES_ERROR;
				CLANG_WARN_QUOTED_INCLUDE_IN_FRAMEWORK_HEADER = YES;
				CLANG_WARN_RANGE_LOOP_ANALYSIS = YES;
				CLANG_WARN_STRICT_PROTOTYPES = YES;
				CLANG_WARN_SUSPICIOUS_MOVE = YES;
				CLANG_WARN_UNGUARDED_AVAILABILITY = YES_AGGRESSIVE;
				CLANG_WARN_UNREACHABLE_CODE = YES;
				CLANG_WARN__DUPLICATE_METHOD_MATCH = YES;
				COPY_PHASE_STRIP = NO;
				DEBUG_INFORMATION_FORMAT = dwarf;
				ENABLE_STRICT_OBJC_MSGSEND = YES;
				ENABLE_TESTABILITY = YES;
				GCC_C_LANGUAGE_STANDARD = gnu11;
				GCC_DYNAMIC_NO_PIC = NO;
				GCC_NO_COMMON_BLOCKS = YES;
				GCC_OPTIMIZATION_LEVEL = 0;
				GCC_PREPROCESSOR_DEFINITIONS = (
					"DEBUG=1",
					"$(inherited)",
				);
				GCC_WARN_64_TO_32_BIT_CONVERSION = YES;
				GCC_WARN_ABOUT_RETURN_TYPE = YES_ERROR;
				GCC_WARN_UNDECLARED_SELECTOR = YES;
				GCC_WARN_UNINITIALIZED_AUTOS = YES_AGGRESSIVE;
				GCC_WARN_UNUSED_FUNCTION = YES;
				GCC_WARN_UNUSED_VARIABLE = YES;
				IPHONEOS_DEPLOYMENT_TARGET = 16.0;
				MTL_ENABLE_DEBUG_INFO = INCLUDE_SOURCE;
				MTL_FAST_MATH = YES;
				ONLY_ACTIVE_ARCH = YES;
				SDKROOT = iphoneos;
				SWIFT_ACTIVE_COMPILATION_CONDITIONS = DEBUG;
				SWIFT_OPTIMIZATION_LEVEL = "-Onone";
			};
			name = Debug;
		};
		DFEBEFC528F3205C007F3CCD /* Release */ = {
			isa = XCBuildConfiguration;
			buildSettings = {
				ALWAYS_SEARCH_USER_PATHS = NO;
				CLANG_ANALYZER_NONNULL = YES;
				CLANG_ANALYZER_NUMBER_OBJECT_CONVERSION = YES_AGGRESSIVE;
				CLANG_CXX_LANGUAGE_STANDARD = "gnu++20";
				CLANG_ENABLE_MODULES = YES;
				CLANG_ENABLE_OBJC_ARC = YES;
				CLANG_ENABLE_OBJC_WEAK = YES;
				CLANG_WARN_BLOCK_CAPTURE_AUTORELEASING = YES;
				CLANG_WARN_BOOL_CONVERSION = YES;
				CLANG_WARN_COMMA = YES;
				CLANG_WARN_CONSTANT_CONVERSION = YES;
				CLANG_WARN_DEPRECATED_OBJC_IMPLEMENTATIONS = YES;
				CLANG_WARN_DIRECT_OBJC_ISA_USAGE = YES_ERROR;
				CLANG_WARN_DOCUMENTATION_COMMENTS = YES;
				CLANG_WARN_EMPTY_BODY = YES;
				CLANG_WARN_ENUM_CONVERSION = YES;
				CLANG_WARN_INFINITE_RECURSION = YES;
				CLANG_WARN_INT_CONVERSION = YES;
				CLANG_WARN_NON_LITERAL_NULL_CONVERSION = YES;
				CLANG_WARN_OBJC_IMPLICIT_RETAIN_SELF = YES;
				CLANG_WARN_OBJC_LITERAL_CONVERSION = YES;
				CLANG_WARN_OBJC_ROOT_CLASS = YES_ERROR;
				CLANG_WARN_QUOTED_INCLUDE_IN_FRAMEWORK_HEADER = YES;
				CLANG_WARN_RANGE_LOOP_ANALYSIS = YES;
				CLANG_WARN_STRICT_PROTOTYPES = YES;
				CLANG_WARN_SUSPICIOUS_MOVE = YES;
				CLANG_WARN_UNGUARDED_AVAILABILITY = YES_AGGRESSIVE;
				CLANG_WARN_UNREACHABLE_CODE = YES;
				CLANG_WARN__DUPLICATE_METHOD_MATCH = YES;
				COPY_PHASE_STRIP = NO;
				DEBUG_INFORMATION_FORMAT = "dwarf-with-dsym";
				ENABLE_NS_ASSERTIONS = NO;
				ENABLE_STRICT_OBJC_MSGSEND = YES;
				GCC_C_LANGUAGE_STANDARD = gnu11;
				GCC_NO_COMMON_BLOCKS = YES;
				GCC_WARN_64_TO_32_BIT_CONVERSION = YES;
				GCC_WARN_ABOUT_RETURN_TYPE = YES_ERROR;
				GCC_WARN_UNDECLARED_SELECTOR = YES;
				GCC_WARN_UNINITIALIZED_AUTOS = YES_AGGRESSIVE;
				GCC_WARN_UNUSED_FUNCTION = YES;
				GCC_WARN_UNUSED_VARIABLE = YES;
				IPHONEOS_DEPLOYMENT_TARGET = 16.0;
				MTL_ENABLE_DEBUG_INFO = NO;
				MTL_FAST_MATH = YES;
				SDKROOT = iphoneos;
				SWIFT_COMPILATION_MODE = wholemodule;
				SWIFT_OPTIMIZATION_LEVEL = "-O";
				VALIDATE_PRODUCT = YES;
			};
			name = Release;
		};
		DFEBEFC728F3205C007F3CCD /* Debug */ = {
			isa = XCBuildConfiguration;
			buildSettings = {
				ASSETCATALOG_COMPILER_APPICON_NAME = AppIcon;
				ASSETCATALOG_COMPILER_GLOBAL_ACCENT_COLOR_NAME = AccentColor;
				CODE_SIGN_STYLE = Automatic;
				CURRENT_PROJECT_VERSION = 1;
				DEVELOPMENT_ASSET_PATHS = "\"MavPlus/Preview Content\"";
				DEVELOPMENT_TEAM = 56NN429W8H;
				ENABLE_PREVIEWS = YES;
				GENERATE_INFOPLIST_FILE = YES;
				INFOPLIST_KEY_UIApplicationSceneManifest_Generation = YES;
				INFOPLIST_KEY_UIApplicationSupportsIndirectInputEvents = YES;
				INFOPLIST_KEY_UILaunchScreen_Generation = YES;
				INFOPLIST_KEY_UILaunchStoryboardName = "Launch Screen.storyboard";
				INFOPLIST_KEY_UISupportedInterfaceOrientations_iPad = "UIInterfaceOrientationPortrait UIInterfaceOrientationPortraitUpsideDown UIInterfaceOrientationLandscapeLeft UIInterfaceOrientationLandscapeRight";
				INFOPLIST_KEY_UISupportedInterfaceOrientations_iPhone = "UIInterfaceOrientationPortrait UIInterfaceOrientationLandscapeLeft UIInterfaceOrientationLandscapeRight";
				LD_RUNPATH_SEARCH_PATHS = (
					"$(inherited)",
					"@executable_path/Frameworks",
				);
				MARKETING_VERSION = 1.0;
				PRODUCT_BUNDLE_IDENTIFIER = net.berente.MavPlus;
				PRODUCT_NAME = "$(TARGET_NAME)";
				SWIFT_EMIT_LOC_STRINGS = YES;
				SWIFT_VERSION = 5.0;
				TARGETED_DEVICE_FAMILY = "1,2";
			};
			name = Debug;
		};
		DFEBEFC828F3205C007F3CCD /* Release */ = {
			isa = XCBuildConfiguration;
			buildSettings = {
				ASSETCATALOG_COMPILER_APPICON_NAME = AppIcon;
				ASSETCATALOG_COMPILER_GLOBAL_ACCENT_COLOR_NAME = AccentColor;
				CODE_SIGN_STYLE = Automatic;
				CURRENT_PROJECT_VERSION = 1;
				DEVELOPMENT_ASSET_PATHS = "\"MavPlus/Preview Content\"";
				DEVELOPMENT_TEAM = 56NN429W8H;
				ENABLE_PREVIEWS = YES;
				GENERATE_INFOPLIST_FILE = YES;
				INFOPLIST_KEY_UIApplicationSceneManifest_Generation = YES;
				INFOPLIST_KEY_UIApplicationSupportsIndirectInputEvents = YES;
				INFOPLIST_KEY_UILaunchScreen_Generation = YES;
				INFOPLIST_KEY_UILaunchStoryboardName = "Launch Screen.storyboard";
				INFOPLIST_KEY_UISupportedInterfaceOrientations_iPad = "UIInterfaceOrientationPortrait UIInterfaceOrientationPortraitUpsideDown UIInterfaceOrientationLandscapeLeft UIInterfaceOrientationLandscapeRight";
				INFOPLIST_KEY_UISupportedInterfaceOrientations_iPhone = "UIInterfaceOrientationPortrait UIInterfaceOrientationLandscapeLeft UIInterfaceOrientationLandscapeRight";
				LD_RUNPATH_SEARCH_PATHS = (
					"$(inherited)",
					"@executable_path/Frameworks",
				);
				MARKETING_VERSION = 1.0;
				PRODUCT_BUNDLE_IDENTIFIER = net.berente.MavPlus;
				PRODUCT_NAME = "$(TARGET_NAME)";
				SWIFT_EMIT_LOC_STRINGS = YES;
				SWIFT_VERSION = 5.0;
				TARGETED_DEVICE_FAMILY = "1,2";
			};
			name = Release;
		};
/* End XCBuildConfiguration section */

/* Begin XCConfigurationList section */
		DFEBEFAE28F32059007F3CCD /* Build configuration list for PBXProject "MavPlus" */ = {
			isa = XCConfigurationList;
			buildConfigurations = (
				DFEBEFC428F3205C007F3CCD /* Debug */,
				DFEBEFC528F3205C007F3CCD /* Release */,
			);
			defaultConfigurationIsVisible = 0;
			defaultConfigurationName = Release;
		};
		DFEBEFC628F3205C007F3CCD /* Build configuration list for PBXNativeTarget "MavPlus" */ = {
			isa = XCConfigurationList;
			buildConfigurations = (
				DFEBEFC728F3205C007F3CCD /* Debug */,
				DFEBEFC828F3205C007F3CCD /* Release */,
			);
			defaultConfigurationIsVisible = 0;
			defaultConfigurationName = Release;
		};
/* End XCConfigurationList section */

/* Begin XCVersionGroup section */
		DFEBEFC128F3205C007F3CCD /* MavPlus.xcdatamodeld */ = {
			isa = XCVersionGroup;
			children = (
				DFEBEFC228F3205C007F3CCD /* MavPlus.xcdatamodel */,
			);
			currentVersion = DFEBEFC228F3205C007F3CCD /* MavPlus.xcdatamodel */;
			path = MavPlus.xcdatamodeld;
			sourceTree = "<group>";
			versionGroupType = wrapper.xcdatamodel;
		};
/* End XCVersionGroup section */
	};
	rootObject = DFEBEFAB28F32059007F3CCD /* Project object */;
}
